
Microsoft Visual Studio Solution File, Format Version 12.00
Project("{FAE04EC0-301F-11D3-BF4B-00C04F79EFBC}") = "poliklinikaDemo", "poliklinikaDemo\poliklinikaDemo.csproj", "{B77C9F70-49B9-4E36-86A7-631D6850532F}"
EndProject
Global
	GlobalSection(SolutionConfigurationPlatforms) = preSolution
		Debug|Any CPU = Debug|Any CPU
		Release|Any CPU = Release|Any CPU
	EndGlobalSection
	GlobalSection(ProjectConfigurationPlatforms) = postSolution
		{B77C9F70-49B9-4E36-86A7-631D6850532F}.Debug|Any CPU.ActiveCfg = Debug|Any CPU
		{B77C9F70-49B9-4E36-86A7-631D6850532F}.Debug|Any CPU.Build.0 = Debug|Any CPU
		{B77C9F70-49B9-4E36-86A7-631D6850532F}.Release|Any CPU.ActiveCfg = Release|Any CPU
		{B77C9F70-49B9-4E36-86A7-631D6850532F}.Release|Any CPU.Build.0 = Release|Any CPU
	EndGlobalSection
EndGlobal
